// !$*UTF8*$!
{
	archiveVersion = 1;
	classes = {
	};
	objectVersion = 56;
	objects = {

/* Begin PBXBuildFile section */
		620C110E29BF087600F49E38 /* UploadItemButton.swift in Sources */ = {isa = PBXBuildFile; fileRef = 620C110D29BF087600F49E38 /* UploadItemButton.swift */; };
		620C111029BF187400F49E38 /* ProfileCellViewModel.swift in Sources */ = {isa = PBXBuildFile; fileRef = 620C110F29BF187400F49E38 /* ProfileCellViewModel.swift */; };
		620C111429BF268100F49E38 /* ProfileCell.swift in Sources */ = {isa = PBXBuildFile; fileRef = 620C111329BF268100F49E38 /* ProfileCell.swift */; };
		6223F58F29C473E400EC4D8B /* SearchView.swift in Sources */ = {isa = PBXBuildFile; fileRef = 6223F58E29C473E400EC4D8B /* SearchView.swift */; };
		6223F59129C4D9DA00EC4D8B /* SearchResultController.swift in Sources */ = {isa = PBXBuildFile; fileRef = 6223F59029C4D9DA00EC4D8B /* SearchResultController.swift */; };
		6260815629BFB2D50095AAA6 /* AlertCoordinator.swift in Sources */ = {isa = PBXBuildFile; fileRef = 6260815529BFB2D50095AAA6 /* AlertCoordinator.swift */; };
		6260815829BFB4800095AAA6 /* ImagePickerCoordinator.swift in Sources */ = {isa = PBXBuildFile; fileRef = 6260815729BFB4800095AAA6 /* ImagePickerCoordinator.swift */; };
		6260815A29C089AF0095AAA6 /* HomeController.swift in Sources */ = {isa = PBXBuildFile; fileRef = 6260815929C089AF0095AAA6 /* HomeController.swift */; };
		6260815C29C08A190095AAA6 /* HomeViewModel.swift in Sources */ = {isa = PBXBuildFile; fileRef = 6260815B29C08A190095AAA6 /* HomeViewModel.swift */; };
		6260815F29C0B9680095AAA6 /* LocationButton.swift in Sources */ = {isa = PBXBuildFile; fileRef = 6260815E29C0B9680095AAA6 /* LocationButton.swift */; };
		6260816129C0C45B0095AAA6 /* ProfileImage.swift in Sources */ = {isa = PBXBuildFile; fileRef = 6260816029C0C45B0095AAA6 /* ProfileImage.swift */; };
		62708DBD29BB321E006DCB2B /* AppDelegate.swift in Sources */ = {isa = PBXBuildFile; fileRef = 62708DBC29BB321E006DCB2B /* AppDelegate.swift */; };
		62708DBF29BB321E006DCB2B /* SceneDelegate.swift in Sources */ = {isa = PBXBuildFile; fileRef = 62708DBE29BB321E006DCB2B /* SceneDelegate.swift */; };
		62708DC129BB321E006DCB2B /* SignInController.swift in Sources */ = {isa = PBXBuildFile; fileRef = 62708DC029BB321E006DCB2B /* SignInController.swift */; };
		62708DC629BB321F006DCB2B /* Assets.xcassets in Resources */ = {isa = PBXBuildFile; fileRef = 62708DC529BB321F006DCB2B /* Assets.xcassets */; };
		62708DC929BB321F006DCB2B /* LaunchScreen.storyboard in Resources */ = {isa = PBXBuildFile; fileRef = 62708DC729BB321F006DCB2B /* LaunchScreen.storyboard */; };
		62708DD429BB347D006DCB2B /* AppCoordinator.swift in Sources */ = {isa = PBXBuildFile; fileRef = 62708DD329BB347D006DCB2B /* AppCoordinator.swift */; };
		62708DD629BB3903006DCB2B /* AuthCoordinator.swift in Sources */ = {isa = PBXBuildFile; fileRef = 62708DD529BB3903006DCB2B /* AuthCoordinator.swift */; };
		62708DDA29BB3C57006DCB2B /* SignInViewModel.swift in Sources */ = {isa = PBXBuildFile; fileRef = 62708DD929BB3C57006DCB2B /* SignInViewModel.swift */; };
		62708DF029BB463B006DCB2B /* Montserrat-MediumItalic.ttf in Resources */ = {isa = PBXBuildFile; fileRef = 62708DDE29BB463A006DCB2B /* Montserrat-MediumItalic.ttf */; };
		62708DF129BB463B006DCB2B /* Montserrat-SemiBoldItalic.ttf in Resources */ = {isa = PBXBuildFile; fileRef = 62708DDF29BB463A006DCB2B /* Montserrat-SemiBoldItalic.ttf */; };
		62708DF229BB463B006DCB2B /* Montserrat-Italic.ttf in Resources */ = {isa = PBXBuildFile; fileRef = 62708DE029BB463A006DCB2B /* Montserrat-Italic.ttf */; };
		62708DF329BB463B006DCB2B /* Montserrat-ExtraBold.ttf in Resources */ = {isa = PBXBuildFile; fileRef = 62708DE129BB463A006DCB2B /* Montserrat-ExtraBold.ttf */; };
		62708DF429BB463B006DCB2B /* Montserrat-Light.ttf in Resources */ = {isa = PBXBuildFile; fileRef = 62708DE229BB463A006DCB2B /* Montserrat-Light.ttf */; };
		62708DF529BB463B006DCB2B /* Montserrat-LightItalic.ttf in Resources */ = {isa = PBXBuildFile; fileRef = 62708DE329BB463A006DCB2B /* Montserrat-LightItalic.ttf */; };
		62708DF629BB463B006DCB2B /* Montserrat-Regular.ttf in Resources */ = {isa = PBXBuildFile; fileRef = 62708DE429BB463A006DCB2B /* Montserrat-Regular.ttf */; };
		62708DF729BB463B006DCB2B /* Montserrat-Black.ttf in Resources */ = {isa = PBXBuildFile; fileRef = 62708DE529BB463A006DCB2B /* Montserrat-Black.ttf */; };
		62708DF829BB463B006DCB2B /* Montserrat-SemiBold.ttf in Resources */ = {isa = PBXBuildFile; fileRef = 62708DE629BB463A006DCB2B /* Montserrat-SemiBold.ttf */; };
		62708DF929BB463B006DCB2B /* Montserrat-ThinItalic.ttf in Resources */ = {isa = PBXBuildFile; fileRef = 62708DE729BB463A006DCB2B /* Montserrat-ThinItalic.ttf */; };
		62708DFA29BB463B006DCB2B /* Montserrat-ExtraLight.ttf in Resources */ = {isa = PBXBuildFile; fileRef = 62708DE829BB463A006DCB2B /* Montserrat-ExtraLight.ttf */; };
		62708DFB29BB463B006DCB2B /* Montserrat-ExtraBoldItalic.ttf in Resources */ = {isa = PBXBuildFile; fileRef = 62708DE929BB463A006DCB2B /* Montserrat-ExtraBoldItalic.ttf */; };
		62708DFC29BB463B006DCB2B /* Montserrat-Thin.ttf in Resources */ = {isa = PBXBuildFile; fileRef = 62708DEA29BB463A006DCB2B /* Montserrat-Thin.ttf */; };
		62708DFD29BB463B006DCB2B /* Montserrat-BoldItalic.ttf in Resources */ = {isa = PBXBuildFile; fileRef = 62708DEB29BB463B006DCB2B /* Montserrat-BoldItalic.ttf */; };
		62708DFE29BB463B006DCB2B /* Montserrat-BlackItalic.ttf in Resources */ = {isa = PBXBuildFile; fileRef = 62708DEC29BB463B006DCB2B /* Montserrat-BlackItalic.ttf */; };
		62708DFF29BB463B006DCB2B /* Montserrat-Medium.ttf in Resources */ = {isa = PBXBuildFile; fileRef = 62708DED29BB463B006DCB2B /* Montserrat-Medium.ttf */; };
		62708E0029BB463B006DCB2B /* Montserrat-ExtraLightItalic.ttf in Resources */ = {isa = PBXBuildFile; fileRef = 62708DEE29BB463B006DCB2B /* Montserrat-ExtraLightItalic.ttf */; };
		62708E0129BB463B006DCB2B /* Montserrat-Bold.ttf in Resources */ = {isa = PBXBuildFile; fileRef = 62708DEF29BB463B006DCB2B /* Montserrat-Bold.ttf */; };
		62708E0529BB49C3006DCB2B /* OnlineShopTest_UIKit.xcdatamodeld in Sources */ = {isa = PBXBuildFile; fileRef = 62708E0329BB49C3006DCB2B /* OnlineShopTest_UIKit.xcdatamodeld */; };
		62708E0729BB4CBB006DCB2B /* Resources.swift in Sources */ = {isa = PBXBuildFile; fileRef = 62708E0629BB4CBB006DCB2B /* Resources.swift */; };
		62708E0A29BB4CE9006DCB2B /* UIColor + ext.swift in Sources */ = {isa = PBXBuildFile; fileRef = 62708E0929BB4CE9006DCB2B /* UIColor + ext.swift */; };
		62708E0C29BB5E43006DCB2B /* UIFont + ext.swift in Sources */ = {isa = PBXBuildFile; fileRef = 62708E0B29BB5E43006DCB2B /* UIFont + ext.swift */; };
		62708E0E29BB7783006DCB2B /* SignInWithButton.swift in Sources */ = {isa = PBXBuildFile; fileRef = 62708E0D29BB7783006DCB2B /* SignInWithButton.swift */; };
		62708E1029BB83B3006DCB2B /* UIButton + ext.swift in Sources */ = {isa = PBXBuildFile; fileRef = 62708E0F29BB83B3006DCB2B /* UIButton + ext.swift */; };
		62708E1429BBBFC2006DCB2B /* CoreDataManager.swift in Sources */ = {isa = PBXBuildFile; fileRef = 62708E1329BBBFC2006DCB2B /* CoreDataManager.swift */; };
		62A2B9EA29C1C795001937DE /* ShopItem.swift in Sources */ = {isa = PBXBuildFile; fileRef = 62A2B9E929C1C795001937DE /* ShopItem.swift */; };
		62A2B9ED29C1CB9D001937DE /* NetworkManager.swift in Sources */ = {isa = PBXBuildFile; fileRef = 62A2B9EC29C1CB9D001937DE /* NetworkManager.swift */; };
		62A2B9EF29C1CBD4001937DE /* APIEndpoints.swift in Sources */ = {isa = PBXBuildFile; fileRef = 62A2B9EE29C1CBD4001937DE /* APIEndpoints.swift */; };
		62A2B9F129C1CE1E001937DE /* NetworkProtocols.swift in Sources */ = {isa = PBXBuildFile; fileRef = 62A2B9F029C1CE1E001937DE /* NetworkProtocols.swift */; };
		62A2B9F329C1CE5D001937DE /* NetworkError.swift in Sources */ = {isa = PBXBuildFile; fileRef = 62A2B9F229C1CE5D001937DE /* NetworkError.swift */; };
		62A2B9F529C1D02C001937DE /* URLSession + ext.swift in Sources */ = {isa = PBXBuildFile; fileRef = 62A2B9F429C1D02C001937DE /* URLSession + ext.swift */; };
		62A2B9F929C207F7001937DE /* ImagePickable.swift in Sources */ = {isa = PBXBuildFile; fileRef = 62A2B9F829C207F7001937DE /* ImagePickable.swift */; };
		62A2B9FC29C21E6F001937DE /* CategoryCell.swift in Sources */ = {isa = PBXBuildFile; fileRef = 62A2B9FB29C21E6F001937DE /* CategoryCell.swift */; };
		62A2B9FE29C21E93001937DE /* LatestCell.swift in Sources */ = {isa = PBXBuildFile; fileRef = 62A2B9FD29C21E93001937DE /* LatestCell.swift */; };
		62A2BA0029C21EA9001937DE /* FlashSaleCell.swift in Sources */ = {isa = PBXBuildFile; fileRef = 62A2B9FF29C21EA9001937DE /* FlashSaleCell.swift */; };
		62A2BA0429C235C3001937DE /* CategoriesCell.swift in Sources */ = {isa = PBXBuildFile; fileRef = 62A2BA0329C235C3001937DE /* CategoriesCell.swift */; };
		62A2BA0629C23622001937DE /* LatestItemsCell.swift in Sources */ = {isa = PBXBuildFile; fileRef = 62A2BA0529C23622001937DE /* LatestItemsCell.swift */; };
		62A2BA0829C2364C001937DE /* FlashSaleItemsCell.swift in Sources */ = {isa = PBXBuildFile; fileRef = 62A2BA0729C2364C001937DE /* FlashSaleItemsCell.swift */; };
		62A2BA0A29C2F058001937DE /* HeaderView.swift in Sources */ = {isa = PBXBuildFile; fileRef = 62A2BA0929C2F058001937DE /* HeaderView.swift */; };
		62A2BA0C29C3409E001937DE /* ShopItemCellViewModel.swift in Sources */ = {isa = PBXBuildFile; fileRef = 62A2BA0B29C3409E001937DE /* ShopItemCellViewModel.swift */; };
		62B9D4DD29C5A825006E1D56 /* SearchData.swift in Sources */ = {isa = PBXBuildFile; fileRef = 62B9D4DC29C5A825006E1D56 /* SearchData.swift */; };
		62B9D4E029C6D9B8006E1D56 /* DetailController.swift in Sources */ = {isa = PBXBuildFile; fileRef = 62B9D4DF29C6D9B8006E1D56 /* DetailController.swift */; };
		62B9D4E229C6D9C2006E1D56 /* DetailViewModel.swift in Sources */ = {isa = PBXBuildFile; fileRef = 62B9D4E129C6D9C2006E1D56 /* DetailViewModel.swift */; };
		62B9D4E529C6F5C6006E1D56 /* ItemStepper.swift in Sources */ = {isa = PBXBuildFile; fileRef = 62B9D4E429C6F5C6006E1D56 /* ItemStepper.swift */; };
		62B9D4E729C71A2D006E1D56 /* AddToCartButton.swift in Sources */ = {isa = PBXBuildFile; fileRef = 62B9D4E629C71A2D006E1D56 /* AddToCartButton.swift */; };
		62B9D4EA29C85731006E1D56 /* ColorSegmentedControl.swift in Sources */ = {isa = PBXBuildFile; fileRef = 62B9D4E929C85731006E1D56 /* ColorSegmentedControl.swift */; };
		62B9D4EC29C88A59006E1D56 /* DetailModel.swift in Sources */ = {isa = PBXBuildFile; fileRef = 62B9D4EB29C88A59006E1D56 /* DetailModel.swift */; };
		62B9D4EE29C97928006E1D56 /* ImagesView.swift in Sources */ = {isa = PBXBuildFile; fileRef = 62B9D4ED29C97928006E1D56 /* ImagesView.swift */; };
		62B9D4F129C9A5E0006E1D56 /* ThumbnailCollectionViewCell.swift in Sources */ = {isa = PBXBuildFile; fileRef = 62B9D4F029C9A5E0006E1D56 /* ThumbnailCollectionViewCell.swift */; };
		62B9D4F329C9AF45006E1D56 /* ThumbnailCollectionView.swift in Sources */ = {isa = PBXBuildFile; fileRef = 62B9D4F229C9AF45006E1D56 /* ThumbnailCollectionView.swift */; };
		62B9D4F529C9B3C1006E1D56 /* FavoriteShareView.swift in Sources */ = {isa = PBXBuildFile; fileRef = 62B9D4F429C9B3C1006E1D56 /* FavoriteShareView.swift */; };
		62CDF75C29BC528A00D735D3 /* LogInViewModel.swift in Sources */ = {isa = PBXBuildFile; fileRef = 62CDF75B29BC528A00D735D3 /* LogInViewModel.swift */; };
		62CDF75E29BC52F200D735D3 /* LogInController.swift in Sources */ = {isa = PBXBuildFile; fileRef = 62CDF75D29BC52F200D735D3 /* LogInController.swift */; };
		62CDF76129BC5CCF00D735D3 /* UserServices.swift in Sources */ = {isa = PBXBuildFile; fileRef = 62CDF76029BC5CCF00D735D3 /* UserServices.swift */; };
		62CDF76629BDB6DD00D735D3 /* PasswordTextField.swift in Sources */ = {isa = PBXBuildFile; fileRef = 62CDF76529BDB6DD00D735D3 /* PasswordTextField.swift */; };
		62CDF76929BDC46F00D735D3 /* UserAuthError.swift in Sources */ = {isa = PBXBuildFile; fileRef = 62CDF76829BDC46F00D735D3 /* UserAuthError.swift */; };
		62CDF76B29BDD75000D735D3 /* TabBarCoordinator.swift in Sources */ = {isa = PBXBuildFile; fileRef = 62CDF76A29BDD75000D735D3 /* TabBarCoordinator.swift */; };
		62CDF76D29BDE41100D735D3 /* HomeCoordinator.swift in Sources */ = {isa = PBXBuildFile; fileRef = 62CDF76C29BDE41100D735D3 /* HomeCoordinator.swift */; };
		62CDF76F29BDE47000D735D3 /* FavoritesCoordinator.swift in Sources */ = {isa = PBXBuildFile; fileRef = 62CDF76E29BDE47000D735D3 /* FavoritesCoordinator.swift */; };
		62CDF77129BDE48100D735D3 /* CartCoordinator.swift in Sources */ = {isa = PBXBuildFile; fileRef = 62CDF77029BDE48100D735D3 /* CartCoordinator.swift */; };
		62CDF77329BDE49100D735D3 /* ChatCoordinator.swift in Sources */ = {isa = PBXBuildFile; fileRef = 62CDF77229BDE49100D735D3 /* ChatCoordinator.swift */; };
		62CDF77529BDE49E00D735D3 /* ProfileCoordinator.swift in Sources */ = {isa = PBXBuildFile; fileRef = 62CDF77429BDE49E00D735D3 /* ProfileCoordinator.swift */; };
		62CDF77829BE0A0D00D735D3 /* TabBarController.swift in Sources */ = {isa = PBXBuildFile; fileRef = 62CDF77729BE0A0D00D735D3 /* TabBarController.swift */; };
		62CDF77B29BE37C000D735D3 /* ProfileViewModel.swift in Sources */ = {isa = PBXBuildFile; fileRef = 62CDF77A29BE37C000D735D3 /* ProfileViewModel.swift */; };
		62CDF77D29BE37CE00D735D3 /* ProfileController.swift in Sources */ = {isa = PBXBuildFile; fileRef = 62CDF77C29BE37CE00D735D3 /* ProfileController.swift */; };
		AB67FB64E67980BA78869ADB /* Pods_OnlineShopTest_UIKit.framework in Frameworks */ = {isa = PBXBuildFile; fileRef = 6EB4C505997E67981A1D9A02 /* Pods_OnlineShopTest_UIKit.framework */; };
/* End PBXBuildFile section */

/* Begin PBXFileReference section */
		620C110D29BF087600F49E38 /* UploadItemButton.swift */ = {isa = PBXFileReference; lastKnownFileType = sourcecode.swift; path = UploadItemButton.swift; sourceTree = "<group>"; };
		620C110F29BF187400F49E38 /* ProfileCellViewModel.swift */ = {isa = PBXFileReference; lastKnownFileType = sourcecode.swift; path = ProfileCellViewModel.swift; sourceTree = "<group>"; };
		620C111329BF268100F49E38 /* ProfileCell.swift */ = {isa = PBXFileReference; lastKnownFileType = sourcecode.swift; path = ProfileCell.swift; sourceTree = "<group>"; };
		6223F58E29C473E400EC4D8B /* SearchView.swift */ = {isa = PBXFileReference; lastKnownFileType = sourcecode.swift; path = SearchView.swift; sourceTree = "<group>"; };
		6223F59029C4D9DA00EC4D8B /* SearchResultController.swift */ = {isa = PBXFileReference; lastKnownFileType = sourcecode.swift; path = SearchResultController.swift; sourceTree = "<group>"; };
		6260815529BFB2D50095AAA6 /* AlertCoordinator.swift */ = {isa = PBXFileReference; lastKnownFileType = sourcecode.swift; path = AlertCoordinator.swift; sourceTree = "<group>"; };
		6260815729BFB4800095AAA6 /* ImagePickerCoordinator.swift */ = {isa = PBXFileReference; lastKnownFileType = sourcecode.swift; path = ImagePickerCoordinator.swift; sourceTree = "<group>"; };
		6260815929C089AF0095AAA6 /* HomeController.swift */ = {isa = PBXFileReference; lastKnownFileType = sourcecode.swift; path = HomeController.swift; sourceTree = "<group>"; };
		6260815B29C08A190095AAA6 /* HomeViewModel.swift */ = {isa = PBXFileReference; lastKnownFileType = sourcecode.swift; path = HomeViewModel.swift; sourceTree = "<group>"; };
		6260815E29C0B9680095AAA6 /* LocationButton.swift */ = {isa = PBXFileReference; lastKnownFileType = sourcecode.swift; path = LocationButton.swift; sourceTree = "<group>"; };
		6260816029C0C45B0095AAA6 /* ProfileImage.swift */ = {isa = PBXFileReference; lastKnownFileType = sourcecode.swift; path = ProfileImage.swift; sourceTree = "<group>"; };
		62708DB929BB321E006DCB2B /* OnlineShopTest_UIKit.app */ = {isa = PBXFileReference; explicitFileType = wrapper.application; includeInIndex = 0; path = OnlineShopTest_UIKit.app; sourceTree = BUILT_PRODUCTS_DIR; };
		62708DBC29BB321E006DCB2B /* AppDelegate.swift */ = {isa = PBXFileReference; lastKnownFileType = sourcecode.swift; path = AppDelegate.swift; sourceTree = "<group>"; };
		62708DBE29BB321E006DCB2B /* SceneDelegate.swift */ = {isa = PBXFileReference; lastKnownFileType = sourcecode.swift; path = SceneDelegate.swift; sourceTree = "<group>"; };
		62708DC029BB321E006DCB2B /* SignInController.swift */ = {isa = PBXFileReference; lastKnownFileType = sourcecode.swift; path = SignInController.swift; sourceTree = "<group>"; };
		62708DC529BB321F006DCB2B /* Assets.xcassets */ = {isa = PBXFileReference; lastKnownFileType = folder.assetcatalog; path = Assets.xcassets; sourceTree = "<group>"; };
		62708DC829BB321F006DCB2B /* Base */ = {isa = PBXFileReference; lastKnownFileType = file.storyboard; name = Base; path = Base.lproj/LaunchScreen.storyboard; sourceTree = "<group>"; };
		62708DCA29BB321F006DCB2B /* Info.plist */ = {isa = PBXFileReference; lastKnownFileType = text.plist.xml; path = Info.plist; sourceTree = "<group>"; };
		62708DD329BB347D006DCB2B /* AppCoordinator.swift */ = {isa = PBXFileReference; lastKnownFileType = sourcecode.swift; path = AppCoordinator.swift; sourceTree = "<group>"; };
		62708DD529BB3903006DCB2B /* AuthCoordinator.swift */ = {isa = PBXFileReference; lastKnownFileType = sourcecode.swift; path = AuthCoordinator.swift; sourceTree = "<group>"; };
		62708DD929BB3C57006DCB2B /* SignInViewModel.swift */ = {isa = PBXFileReference; lastKnownFileType = sourcecode.swift; path = SignInViewModel.swift; sourceTree = "<group>"; };
		62708DDE29BB463A006DCB2B /* Montserrat-MediumItalic.ttf */ = {isa = PBXFileReference; lastKnownFileType = file; path = "Montserrat-MediumItalic.ttf"; sourceTree = "<group>"; };
		62708DDF29BB463A006DCB2B /* Montserrat-SemiBoldItalic.ttf */ = {isa = PBXFileReference; lastKnownFileType = file; path = "Montserrat-SemiBoldItalic.ttf"; sourceTree = "<group>"; };
		62708DE029BB463A006DCB2B /* Montserrat-Italic.ttf */ = {isa = PBXFileReference; lastKnownFileType = file; path = "Montserrat-Italic.ttf"; sourceTree = "<group>"; };
		62708DE129BB463A006DCB2B /* Montserrat-ExtraBold.ttf */ = {isa = PBXFileReference; lastKnownFileType = file; path = "Montserrat-ExtraBold.ttf"; sourceTree = "<group>"; };
		62708DE229BB463A006DCB2B /* Montserrat-Light.ttf */ = {isa = PBXFileReference; lastKnownFileType = file; path = "Montserrat-Light.ttf"; sourceTree = "<group>"; };
		62708DE329BB463A006DCB2B /* Montserrat-LightItalic.ttf */ = {isa = PBXFileReference; lastKnownFileType = file; path = "Montserrat-LightItalic.ttf"; sourceTree = "<group>"; };
		62708DE429BB463A006DCB2B /* Montserrat-Regular.ttf */ = {isa = PBXFileReference; lastKnownFileType = file; path = "Montserrat-Regular.ttf"; sourceTree = "<group>"; };
		62708DE529BB463A006DCB2B /* Montserrat-Black.ttf */ = {isa = PBXFileReference; lastKnownFileType = file; path = "Montserrat-Black.ttf"; sourceTree = "<group>"; };
		62708DE629BB463A006DCB2B /* Montserrat-SemiBold.ttf */ = {isa = PBXFileReference; lastKnownFileType = file; path = "Montserrat-SemiBold.ttf"; sourceTree = "<group>"; };
		62708DE729BB463A006DCB2B /* Montserrat-ThinItalic.ttf */ = {isa = PBXFileReference; lastKnownFileType = file; path = "Montserrat-ThinItalic.ttf"; sourceTree = "<group>"; };
		62708DE829BB463A006DCB2B /* Montserrat-ExtraLight.ttf */ = {isa = PBXFileReference; lastKnownFileType = file; path = "Montserrat-ExtraLight.ttf"; sourceTree = "<group>"; };
		62708DE929BB463A006DCB2B /* Montserrat-ExtraBoldItalic.ttf */ = {isa = PBXFileReference; lastKnownFileType = file; path = "Montserrat-ExtraBoldItalic.ttf"; sourceTree = "<group>"; };
		62708DEA29BB463A006DCB2B /* Montserrat-Thin.ttf */ = {isa = PBXFileReference; lastKnownFileType = file; path = "Montserrat-Thin.ttf"; sourceTree = "<group>"; };
		62708DEB29BB463B006DCB2B /* Montserrat-BoldItalic.ttf */ = {isa = PBXFileReference; lastKnownFileType = file; path = "Montserrat-BoldItalic.ttf"; sourceTree = "<group>"; };
		62708DEC29BB463B006DCB2B /* Montserrat-BlackItalic.ttf */ = {isa = PBXFileReference; lastKnownFileType = file; path = "Montserrat-BlackItalic.ttf"; sourceTree = "<group>"; };
		62708DED29BB463B006DCB2B /* Montserrat-Medium.ttf */ = {isa = PBXFileReference; lastKnownFileType = file; path = "Montserrat-Medium.ttf"; sourceTree = "<group>"; };
		62708DEE29BB463B006DCB2B /* Montserrat-ExtraLightItalic.ttf */ = {isa = PBXFileReference; lastKnownFileType = file; path = "Montserrat-ExtraLightItalic.ttf"; sourceTree = "<group>"; };
		62708DEF29BB463B006DCB2B /* Montserrat-Bold.ttf */ = {isa = PBXFileReference; lastKnownFileType = file; path = "Montserrat-Bold.ttf"; sourceTree = "<group>"; };
		62708E0429BB49C3006DCB2B /* OnlineShopTest_UIKit.xcdatamodel */ = {isa = PBXFileReference; lastKnownFileType = wrapper.xcdatamodel; path = OnlineShopTest_UIKit.xcdatamodel; sourceTree = "<group>"; };
		62708E0629BB4CBB006DCB2B /* Resources.swift */ = {isa = PBXFileReference; lastKnownFileType = sourcecode.swift; path = Resources.swift; sourceTree = "<group>"; };
		62708E0929BB4CE9006DCB2B /* UIColor + ext.swift */ = {isa = PBXFileReference; lastKnownFileType = sourcecode.swift; path = "UIColor + ext.swift"; sourceTree = "<group>"; };
		62708E0B29BB5E43006DCB2B /* UIFont + ext.swift */ = {isa = PBXFileReference; lastKnownFileType = sourcecode.swift; path = "UIFont + ext.swift"; sourceTree = "<group>"; };
		62708E0D29BB7783006DCB2B /* SignInWithButton.swift */ = {isa = PBXFileReference; lastKnownFileType = sourcecode.swift; path = SignInWithButton.swift; sourceTree = "<group>"; };
		62708E0F29BB83B3006DCB2B /* UIButton + ext.swift */ = {isa = PBXFileReference; lastKnownFileType = sourcecode.swift; path = "UIButton + ext.swift"; sourceTree = "<group>"; };
		62708E1329BBBFC2006DCB2B /* CoreDataManager.swift */ = {isa = PBXFileReference; lastKnownFileType = sourcecode.swift; path = CoreDataManager.swift; sourceTree = "<group>"; };
		62A2B9E929C1C795001937DE /* ShopItem.swift */ = {isa = PBXFileReference; lastKnownFileType = sourcecode.swift; path = ShopItem.swift; sourceTree = "<group>"; };
		62A2B9EC29C1CB9D001937DE /* NetworkManager.swift */ = {isa = PBXFileReference; lastKnownFileType = sourcecode.swift; path = NetworkManager.swift; sourceTree = "<group>"; };
		62A2B9EE29C1CBD4001937DE /* APIEndpoints.swift */ = {isa = PBXFileReference; lastKnownFileType = sourcecode.swift; path = APIEndpoints.swift; sourceTree = "<group>"; };
		62A2B9F029C1CE1E001937DE /* NetworkProtocols.swift */ = {isa = PBXFileReference; lastKnownFileType = sourcecode.swift; path = NetworkProtocols.swift; sourceTree = "<group>"; };
		62A2B9F229C1CE5D001937DE /* NetworkError.swift */ = {isa = PBXFileReference; lastKnownFileType = sourcecode.swift; path = NetworkError.swift; sourceTree = "<group>"; };
		62A2B9F429C1D02C001937DE /* URLSession + ext.swift */ = {isa = PBXFileReference; lastKnownFileType = sourcecode.swift; path = "URLSession + ext.swift"; sourceTree = "<group>"; };
		62A2B9F829C207F7001937DE /* ImagePickable.swift */ = {isa = PBXFileReference; lastKnownFileType = sourcecode.swift; path = ImagePickable.swift; sourceTree = "<group>"; };
		62A2B9FB29C21E6F001937DE /* CategoryCell.swift */ = {isa = PBXFileReference; lastKnownFileType = sourcecode.swift; path = CategoryCell.swift; sourceTree = "<group>"; };
		62A2B9FD29C21E93001937DE /* LatestCell.swift */ = {isa = PBXFileReference; lastKnownFileType = sourcecode.swift; path = LatestCell.swift; sourceTree = "<group>"; };
		62A2B9FF29C21EA9001937DE /* FlashSaleCell.swift */ = {isa = PBXFileReference; lastKnownFileType = sourcecode.swift; path = FlashSaleCell.swift; sourceTree = "<group>"; };
		62A2BA0329C235C3001937DE /* CategoriesCell.swift */ = {isa = PBXFileReference; lastKnownFileType = sourcecode.swift; path = CategoriesCell.swift; sourceTree = "<group>"; };
		62A2BA0529C23622001937DE /* LatestItemsCell.swift */ = {isa = PBXFileReference; lastKnownFileType = sourcecode.swift; path = LatestItemsCell.swift; sourceTree = "<group>"; };
		62A2BA0729C2364C001937DE /* FlashSaleItemsCell.swift */ = {isa = PBXFileReference; lastKnownFileType = sourcecode.swift; path = FlashSaleItemsCell.swift; sourceTree = "<group>"; };
		62A2BA0929C2F058001937DE /* HeaderView.swift */ = {isa = PBXFileReference; lastKnownFileType = sourcecode.swift; path = HeaderView.swift; sourceTree = "<group>"; };
		62A2BA0B29C3409E001937DE /* ShopItemCellViewModel.swift */ = {isa = PBXFileReference; lastKnownFileType = sourcecode.swift; path = ShopItemCellViewModel.swift; sourceTree = "<group>"; };
		62B9D4DC29C5A825006E1D56 /* SearchData.swift */ = {isa = PBXFileReference; lastKnownFileType = sourcecode.swift; path = SearchData.swift; sourceTree = "<group>"; };
		62B9D4DF29C6D9B8006E1D56 /* DetailController.swift */ = {isa = PBXFileReference; lastKnownFileType = sourcecode.swift; path = DetailController.swift; sourceTree = "<group>"; };
		62B9D4E129C6D9C2006E1D56 /* DetailViewModel.swift */ = {isa = PBXFileReference; lastKnownFileType = sourcecode.swift; path = DetailViewModel.swift; sourceTree = "<group>"; };
		62B9D4E429C6F5C6006E1D56 /* ItemStepper.swift */ = {isa = PBXFileReference; lastKnownFileType = sourcecode.swift; path = ItemStepper.swift; sourceTree = "<group>"; };
		62B9D4E629C71A2D006E1D56 /* AddToCartButton.swift */ = {isa = PBXFileReference; lastKnownFileType = sourcecode.swift; path = AddToCartButton.swift; sourceTree = "<group>"; };
		62B9D4E929C85731006E1D56 /* ColorSegmentedControl.swift */ = {isa = PBXFileReference; lastKnownFileType = sourcecode.swift; path = ColorSegmentedControl.swift; sourceTree = "<group>"; };
		62B9D4EB29C88A59006E1D56 /* DetailModel.swift */ = {isa = PBXFileReference; lastKnownFileType = sourcecode.swift; path = DetailModel.swift; sourceTree = "<group>"; };
		62B9D4ED29C97928006E1D56 /* ImagesView.swift */ = {isa = PBXFileReference; lastKnownFileType = sourcecode.swift; path = ImagesView.swift; sourceTree = "<group>"; };
		62B9D4F029C9A5E0006E1D56 /* ThumbnailCollectionViewCell.swift */ = {isa = PBXFileReference; lastKnownFileType = sourcecode.swift; path = ThumbnailCollectionViewCell.swift; sourceTree = "<group>"; };
		62B9D4F229C9AF45006E1D56 /* ThumbnailCollectionView.swift */ = {isa = PBXFileReference; lastKnownFileType = sourcecode.swift; path = ThumbnailCollectionView.swift; sourceTree = "<group>"; };
		62B9D4F429C9B3C1006E1D56 /* FavoriteShareView.swift */ = {isa = PBXFileReference; lastKnownFileType = sourcecode.swift; path = FavoriteShareView.swift; sourceTree = "<group>"; };
		62CDF75B29BC528A00D735D3 /* LogInViewModel.swift */ = {isa = PBXFileReference; lastKnownFileType = sourcecode.swift; path = LogInViewModel.swift; sourceTree = "<group>"; };
		62CDF75D29BC52F200D735D3 /* LogInController.swift */ = {isa = PBXFileReference; lastKnownFileType = sourcecode.swift; path = LogInController.swift; sourceTree = "<group>"; };
		62CDF76029BC5CCF00D735D3 /* UserServices.swift */ = {isa = PBXFileReference; lastKnownFileType = sourcecode.swift; path = UserServices.swift; sourceTree = "<group>"; };
		62CDF76529BDB6DD00D735D3 /* PasswordTextField.swift */ = {isa = PBXFileReference; lastKnownFileType = sourcecode.swift; path = PasswordTextField.swift; sourceTree = "<group>"; };
		62CDF76829BDC46F00D735D3 /* UserAuthError.swift */ = {isa = PBXFileReference; lastKnownFileType = sourcecode.swift; path = UserAuthError.swift; sourceTree = "<group>"; };
		62CDF76A29BDD75000D735D3 /* TabBarCoordinator.swift */ = {isa = PBXFileReference; lastKnownFileType = sourcecode.swift; path = TabBarCoordinator.swift; sourceTree = "<group>"; };
		62CDF76C29BDE41100D735D3 /* HomeCoordinator.swift */ = {isa = PBXFileReference; lastKnownFileType = sourcecode.swift; path = HomeCoordinator.swift; sourceTree = "<group>"; };
		62CDF76E29BDE47000D735D3 /* FavoritesCoordinator.swift */ = {isa = PBXFileReference; lastKnownFileType = sourcecode.swift; path = FavoritesCoordinator.swift; sourceTree = "<group>"; };
		62CDF77029BDE48100D735D3 /* CartCoordinator.swift */ = {isa = PBXFileReference; lastKnownFileType = sourcecode.swift; path = CartCoordinator.swift; sourceTree = "<group>"; };
		62CDF77229BDE49100D735D3 /* ChatCoordinator.swift */ = {isa = PBXFileReference; lastKnownFileType = sourcecode.swift; path = ChatCoordinator.swift; sourceTree = "<group>"; };
		62CDF77429BDE49E00D735D3 /* ProfileCoordinator.swift */ = {isa = PBXFileReference; lastKnownFileType = sourcecode.swift; path = ProfileCoordinator.swift; sourceTree = "<group>"; };
		62CDF77729BE0A0D00D735D3 /* TabBarController.swift */ = {isa = PBXFileReference; lastKnownFileType = sourcecode.swift; path = TabBarController.swift; sourceTree = "<group>"; };
		62CDF77A29BE37C000D735D3 /* ProfileViewModel.swift */ = {isa = PBXFileReference; lastKnownFileType = sourcecode.swift; path = ProfileViewModel.swift; sourceTree = "<group>"; };
		62CDF77C29BE37CE00D735D3 /* ProfileController.swift */ = {isa = PBXFileReference; lastKnownFileType = sourcecode.swift; path = ProfileController.swift; sourceTree = "<group>"; };
		6EB4C505997E67981A1D9A02 /* Pods_OnlineShopTest_UIKit.framework */ = {isa = PBXFileReference; explicitFileType = wrapper.framework; includeInIndex = 0; path = Pods_OnlineShopTest_UIKit.framework; sourceTree = BUILT_PRODUCTS_DIR; };
		70F790AAED5D43A1CFAAEC4A /* Pods-OnlineShopTest_UIKit.release.xcconfig */ = {isa = PBXFileReference; includeInIndex = 1; lastKnownFileType = text.xcconfig; name = "Pods-OnlineShopTest_UIKit.release.xcconfig"; path = "Target Support Files/Pods-OnlineShopTest_UIKit/Pods-OnlineShopTest_UIKit.release.xcconfig"; sourceTree = "<group>"; };
		E61A8AC1C42F77719BEA3EA0 /* Pods-OnlineShopTest_UIKit.debug.xcconfig */ = {isa = PBXFileReference; includeInIndex = 1; lastKnownFileType = text.xcconfig; name = "Pods-OnlineShopTest_UIKit.debug.xcconfig"; path = "Target Support Files/Pods-OnlineShopTest_UIKit/Pods-OnlineShopTest_UIKit.debug.xcconfig"; sourceTree = "<group>"; };
/* End PBXFileReference section */

/* Begin PBXFrameworksBuildPhase section */
		62708DB629BB321E006DCB2B /* Frameworks */ = {
			isa = PBXFrameworksBuildPhase;
			buildActionMask = 2147483647;
			files = (
				AB67FB64E67980BA78869ADB /* Pods_OnlineShopTest_UIKit.framework in Frameworks */,
			);
			runOnlyForDeploymentPostprocessing = 0;
		};
/* End PBXFrameworksBuildPhase section */

/* Begin PBXGroup section */
		19E7AA9E66B8EF5B2F3A5618 /* Frameworks */ = {
			isa = PBXGroup;
			children = (
				6EB4C505997E67981A1D9A02 /* Pods_OnlineShopTest_UIKit.framework */,
			);
			name = Frameworks;
			sourceTree = "<group>";
		};
		620C110C29BF086500F49E38 /* Views */ = {
			isa = PBXGroup;
			children = (
				620C110D29BF087600F49E38 /* UploadItemButton.swift */,
				620C111329BF268100F49E38 /* ProfileCell.swift */,
			);
			path = Views;
			sourceTree = "<group>";
		};
		6260815D29C08A6D0095AAA6 /* Home */ = {
			isa = PBXGroup;
			children = (
				6260815B29C08A190095AAA6 /* HomeViewModel.swift */,
				62A2BA0B29C3409E001937DE /* ShopItemCellViewModel.swift */,
				6260815929C089AF0095AAA6 /* HomeController.swift */,
				6223F59029C4D9DA00EC4D8B /* SearchResultController.swift */,
				62A2BA0129C22013001937DE /* Cells */,
				62A2B9FA29C21D7D001937DE /* Views */,
			);
			path = Home;
			sourceTree = "<group>";
		};
		62708DB029BB321E006DCB2B = {
			isa = PBXGroup;
			children = (
				62708DBB29BB321E006DCB2B /* OnlineShopTest_UIKit */,
				62708DBA29BB321E006DCB2B /* Products */,
				9FC3B81DEC4073BBDF88D334 /* Pods */,
				19E7AA9E66B8EF5B2F3A5618 /* Frameworks */,
			);
			sourceTree = "<group>";
		};
		62708DBA29BB321E006DCB2B /* Products */ = {
			isa = PBXGroup;
			children = (
				62708DB929BB321E006DCB2B /* OnlineShopTest_UIKit.app */,
			);
			name = Products;
			sourceTree = "<group>";
		};
		62708DBB29BB321E006DCB2B /* OnlineShopTest_UIKit */ = {
			isa = PBXGroup;
			children = (
				62708DD029BB32B4006DCB2B /* Application */,
				62708DD229BB346C006DCB2B /* Coordinators */,
				62708DD729BB3C0B006DCB2B /* Screens */,
				62A2B9EB29C1CB8C001937DE /* Models */,
				62CDF75F29BC5CAB00D735D3 /* Services */,
				62708E1229BBBFAE006DCB2B /* DataManager */,
				62A2B9F629C2077A001937DE /* Network */,
				62CDF76729BDC42700D735D3 /* Errors */,
				62A2B9F729C207B5001937DE /* Protocols */,
				62708E0829BB4CCF006DCB2B /* Extensions */,
				62708DDC29BB4525006DCB2B /* Resources */,
				62708DD129BB32C5006DCB2B /* Supporting Files */,
			);
			path = OnlineShopTest_UIKit;
			sourceTree = "<group>";
		};
		62708DD029BB32B4006DCB2B /* Application */ = {
			isa = PBXGroup;
			children = (
				62708DBC29BB321E006DCB2B /* AppDelegate.swift */,
				62708DBE29BB321E006DCB2B /* SceneDelegate.swift */,
			);
			path = Application;
			sourceTree = "<group>";
		};
		62708DD129BB32C5006DCB2B /* Supporting Files */ = {
			isa = PBXGroup;
			children = (
				62708E0329BB49C3006DCB2B /* OnlineShopTest_UIKit.xcdatamodeld */,
				62708DC529BB321F006DCB2B /* Assets.xcassets */,
				62708DC729BB321F006DCB2B /* LaunchScreen.storyboard */,
				62708DCA29BB321F006DCB2B /* Info.plist */,
			);
			path = "Supporting Files";
			sourceTree = "<group>";
		};
		62708DD229BB346C006DCB2B /* Coordinators */ = {
			isa = PBXGroup;
			children = (
				62708DD329BB347D006DCB2B /* AppCoordinator.swift */,
				62708DD529BB3903006DCB2B /* AuthCoordinator.swift */,
				62CDF76A29BDD75000D735D3 /* TabBarCoordinator.swift */,
				62CDF76C29BDE41100D735D3 /* HomeCoordinator.swift */,
				62CDF77429BDE49E00D735D3 /* ProfileCoordinator.swift */,
				6260815529BFB2D50095AAA6 /* AlertCoordinator.swift */,
				6260815729BFB4800095AAA6 /* ImagePickerCoordinator.swift */,
				62B9D4DE29C620C9006E1D56 /* Inactive */,
			);
			path = Coordinators;
			sourceTree = "<group>";
		};
		62708DD729BB3C0B006DCB2B /* Screens */ = {
			isa = PBXGroup;
			children = (
				62CDF77629BE09D200D735D3 /* Base */,
				62708DD829BB3C2B006DCB2B /* SignIn */,
				62CDF75A29BC527700D735D3 /* LogIn */,
				6260815D29C08A6D0095AAA6 /* Home */,
				62B9D4E329C6E67B006E1D56 /* Detail */,
				62CDF77929BE37A100D735D3 /* Profile */,
			);
			path = Screens;
			sourceTree = "<group>";
		};
		62708DD829BB3C2B006DCB2B /* SignIn */ = {
			isa = PBXGroup;
			children = (
				62708DD929BB3C57006DCB2B /* SignInViewModel.swift */,
				62708DC029BB321E006DCB2B /* SignInController.swift */,
				62708E1129BBAB84006DCB2B /* Views */,
			);
			path = SignIn;
			sourceTree = "<group>";
		};
		62708DDC29BB4525006DCB2B /* Resources */ = {
			isa = PBXGroup;
			children = (
				62708DDD29BB4533006DCB2B /* Fonts */,
				62708E0629BB4CBB006DCB2B /* Resources.swift */,
			);
			path = Resources;
			sourceTree = "<group>";
		};
		62708DDD29BB4533006DCB2B /* Fonts */ = {
			isa = PBXGroup;
			children = (
				62708DE529BB463A006DCB2B /* Montserrat-Black.ttf */,
				62708DEC29BB463B006DCB2B /* Montserrat-BlackItalic.ttf */,
				62708DEF29BB463B006DCB2B /* Montserrat-Bold.ttf */,
				62708DEB29BB463B006DCB2B /* Montserrat-BoldItalic.ttf */,
				62708DE129BB463A006DCB2B /* Montserrat-ExtraBold.ttf */,
				62708DE929BB463A006DCB2B /* Montserrat-ExtraBoldItalic.ttf */,
				62708DE829BB463A006DCB2B /* Montserrat-ExtraLight.ttf */,
				62708DEE29BB463B006DCB2B /* Montserrat-ExtraLightItalic.ttf */,
				62708DE029BB463A006DCB2B /* Montserrat-Italic.ttf */,
				62708DE229BB463A006DCB2B /* Montserrat-Light.ttf */,
				62708DE329BB463A006DCB2B /* Montserrat-LightItalic.ttf */,
				62708DED29BB463B006DCB2B /* Montserrat-Medium.ttf */,
				62708DDE29BB463A006DCB2B /* Montserrat-MediumItalic.ttf */,
				62708DE429BB463A006DCB2B /* Montserrat-Regular.ttf */,
				62708DE629BB463A006DCB2B /* Montserrat-SemiBold.ttf */,
				62708DDF29BB463A006DCB2B /* Montserrat-SemiBoldItalic.ttf */,
				62708DEA29BB463A006DCB2B /* Montserrat-Thin.ttf */,
				62708DE729BB463A006DCB2B /* Montserrat-ThinItalic.ttf */,
			);
			path = Fonts;
			sourceTree = "<group>";
		};
		62708E0829BB4CCF006DCB2B /* Extensions */ = {
			isa = PBXGroup;
			children = (
				62708E0929BB4CE9006DCB2B /* UIColor + ext.swift */,
				62708E0B29BB5E43006DCB2B /* UIFont + ext.swift */,
				62708E0F29BB83B3006DCB2B /* UIButton + ext.swift */,
				62A2B9F429C1D02C001937DE /* URLSession + ext.swift */,
			);
			path = Extensions;
			sourceTree = "<group>";
		};
		62708E1129BBAB84006DCB2B /* Views */ = {
			isa = PBXGroup;
			children = (
				62708E0D29BB7783006DCB2B /* SignInWithButton.swift */,
			);
			path = Views;
			sourceTree = "<group>";
		};
		62708E1229BBBFAE006DCB2B /* DataManager */ = {
			isa = PBXGroup;
			children = (
				62708E1329BBBFC2006DCB2B /* CoreDataManager.swift */,
			);
			path = DataManager;
			sourceTree = "<group>";
		};
		62A2B9EB29C1CB8C001937DE /* Models */ = {
			isa = PBXGroup;
			children = (
				62A2B9E929C1C795001937DE /* ShopItem.swift */,
				62B9D4DC29C5A825006E1D56 /* SearchData.swift */,
				62B9D4EB29C88A59006E1D56 /* DetailModel.swift */,
			);
			path = Models;
			sourceTree = "<group>";
		};
		62A2B9F629C2077A001937DE /* Network */ = {
			isa = PBXGroup;
			children = (
				62A2B9EE29C1CBD4001937DE /* APIEndpoints.swift */,
				62A2B9EC29C1CB9D001937DE /* NetworkManager.swift */,
			);
			path = Network;
			sourceTree = "<group>";
		};
		62A2B9F729C207B5001937DE /* Protocols */ = {
			isa = PBXGroup;
			children = (
				62A2B9F029C1CE1E001937DE /* NetworkProtocols.swift */,
				62A2B9F829C207F7001937DE /* ImagePickable.swift */,
			);
			path = Protocols;
			sourceTree = "<group>";
		};
		62A2B9FA29C21D7D001937DE /* Views */ = {
			isa = PBXGroup;
			children = (
				6260815E29C0B9680095AAA6 /* LocationButton.swift */,
				6260816029C0C45B0095AAA6 /* ProfileImage.swift */,
				62A2BA0929C2F058001937DE /* HeaderView.swift */,
				6223F58E29C473E400EC4D8B /* SearchView.swift */,
			);
			path = Views;
			sourceTree = "<group>";
		};
		62A2BA0129C22013001937DE /* Cells */ = {
			isa = PBXGroup;
			children = (
				62A2BA0D29C391AA001937DE /* TableView */,
				62A2BA0229C235AA001937DE /* CollectionView */,
			);
			path = Cells;
			sourceTree = "<group>";
		};
		62A2BA0229C235AA001937DE /* CollectionView */ = {
			isa = PBXGroup;
			children = (
				62A2B9FB29C21E6F001937DE /* CategoryCell.swift */,
				62A2B9FD29C21E93001937DE /* LatestCell.swift */,
				62A2B9FF29C21EA9001937DE /* FlashSaleCell.swift */,
			);
			path = CollectionView;
			sourceTree = "<group>";
		};
		62A2BA0D29C391AA001937DE /* TableView */ = {
			isa = PBXGroup;
			children = (
				62A2BA0329C235C3001937DE /* CategoriesCell.swift */,
				62A2BA0529C23622001937DE /* LatestItemsCell.swift */,
				62A2BA0729C2364C001937DE /* FlashSaleItemsCell.swift */,
			);
			path = TableView;
			sourceTree = "<group>";
		};
		62B9D4DE29C620C9006E1D56 /* Inactive */ = {
			isa = PBXGroup;
			children = (
				62CDF76E29BDE47000D735D3 /* FavoritesCoordinator.swift */,
				62CDF77029BDE48100D735D3 /* CartCoordinator.swift */,
				62CDF77229BDE49100D735D3 /* ChatCoordinator.swift */,
			);
			path = Inactive;
			sourceTree = "<group>";
		};
		62B9D4E329C6E67B006E1D56 /* Detail */ = {
			isa = PBXGroup;
			children = (
				62B9D4E129C6D9C2006E1D56 /* DetailViewModel.swift */,
				62B9D4DF29C6D9B8006E1D56 /* DetailController.swift */,
				62B9D4E829C832D2006E1D56 /* Views */,
			);
			path = Detail;
			sourceTree = "<group>";
		};
		62B9D4E829C832D2006E1D56 /* Views */ = {
			isa = PBXGroup;
			children = (
				62B9D4EF29C9A568006E1D56 /* Cell */,
				62B9D4E929C85731006E1D56 /* ColorSegmentedControl.swift */,
				62B9D4E429C6F5C6006E1D56 /* ItemStepper.swift */,
				62B9D4E629C71A2D006E1D56 /* AddToCartButton.swift */,
				62B9D4ED29C97928006E1D56 /* ImagesView.swift */,
				62B9D4F229C9AF45006E1D56 /* ThumbnailCollectionView.swift */,
				62B9D4F429C9B3C1006E1D56 /* FavoriteShareView.swift */,
			);
			path = Views;
			sourceTree = "<group>";
		};
		62B9D4EF29C9A568006E1D56 /* Cell */ = {
			isa = PBXGroup;
			children = (
				62B9D4F029C9A5E0006E1D56 /* ThumbnailCollectionViewCell.swift */,
			);
			path = Cell;
			sourceTree = "<group>";
		};
		62CDF75A29BC527700D735D3 /* LogIn */ = {
			isa = PBXGroup;
			children = (
				62CDF75B29BC528A00D735D3 /* LogInViewModel.swift */,
				62CDF75D29BC52F200D735D3 /* LogInController.swift */,
				62CDF76429BDB6C000D735D3 /* Views */,
			);
			path = LogIn;
			sourceTree = "<group>";
		};
		62CDF75F29BC5CAB00D735D3 /* Services */ = {
			isa = PBXGroup;
			children = (
				62CDF76029BC5CCF00D735D3 /* UserServices.swift */,
			);
			path = Services;
			sourceTree = "<group>";
		};
		62CDF76429BDB6C000D735D3 /* Views */ = {
			isa = PBXGroup;
			children = (
				62CDF76529BDB6DD00D735D3 /* PasswordTextField.swift */,
			);
			path = Views;
			sourceTree = "<group>";
		};
		62CDF76729BDC42700D735D3 /* Errors */ = {
			isa = PBXGroup;
			children = (
				62A2B9F229C1CE5D001937DE /* NetworkError.swift */,
				62CDF76829BDC46F00D735D3 /* UserAuthError.swift */,
			);
			path = Errors;
			sourceTree = "<group>";
		};
		62CDF77629BE09D200D735D3 /* Base */ = {
			isa = PBXGroup;
			children = (
				62CDF77729BE0A0D00D735D3 /* TabBarController.swift */,
			);
			path = Base;
			sourceTree = "<group>";
		};
		62CDF77929BE37A100D735D3 /* Profile */ = {
			isa = PBXGroup;
			children = (
				62CDF77A29BE37C000D735D3 /* ProfileViewModel.swift */,
				620C110F29BF187400F49E38 /* ProfileCellViewModel.swift */,
				62CDF77C29BE37CE00D735D3 /* ProfileController.swift */,
				620C110C29BF086500F49E38 /* Views */,
			);
			path = Profile;
			sourceTree = "<group>";
		};
		9FC3B81DEC4073BBDF88D334 /* Pods */ = {
			isa = PBXGroup;
			children = (
				E61A8AC1C42F77719BEA3EA0 /* Pods-OnlineShopTest_UIKit.debug.xcconfig */,
				70F790AAED5D43A1CFAAEC4A /* Pods-OnlineShopTest_UIKit.release.xcconfig */,
			);
			path = Pods;
			sourceTree = "<group>";
		};
/* End PBXGroup section */

/* Begin PBXNativeTarget section */
		62708DB829BB321E006DCB2B /* OnlineShopTest_UIKit */ = {
			isa = PBXNativeTarget;
			buildConfigurationList = 62708DCD29BB321F006DCB2B /* Build configuration list for PBXNativeTarget "OnlineShopTest_UIKit" */;
			buildPhases = (
				1B6639D8D0C7B4E7D83D6B6D /* [CP] Check Pods Manifest.lock */,
				62708DB529BB321E006DCB2B /* Sources */,
				62708DB629BB321E006DCB2B /* Frameworks */,
				62708DB729BB321E006DCB2B /* Resources */,
				62708E0229BB47A2006DCB2B /* Show Version */,
				5FDFE606E37CD6D6F293F0F2 /* [CP] Embed Pods Frameworks */,
			);
			buildRules = (
			);
			dependencies = (
			);
			name = OnlineShopTest_UIKit;
			productName = OnlineShopTest_UIKit;
			productReference = 62708DB929BB321E006DCB2B /* OnlineShopTest_UIKit.app */;
			productType = "com.apple.product-type.application";
		};
/* End PBXNativeTarget section */

/* Begin PBXProject section */
		62708DB129BB321E006DCB2B /* Project object */ = {
			isa = PBXProject;
			attributes = {
				BuildIndependentTargetsInParallel = 1;
				LastSwiftUpdateCheck = 1420;
				LastUpgradeCheck = 1420;
				TargetAttributes = {
					62708DB829BB321E006DCB2B = {
						CreatedOnToolsVersion = 14.2;
					};
				};
			};
			buildConfigurationList = 62708DB429BB321E006DCB2B /* Build configuration list for PBXProject "OnlineShopTest_UIKit" */;
			compatibilityVersion = "Xcode 14.0";
			developmentRegion = en;
			hasScannedForEncodings = 0;
			knownRegions = (
				en,
				Base,
			);
			mainGroup = 62708DB029BB321E006DCB2B;
			productRefGroup = 62708DBA29BB321E006DCB2B /* Products */;
			projectDirPath = "";
			projectRoot = "";
			targets = (
				62708DB829BB321E006DCB2B /* OnlineShopTest_UIKit */,
			);
		};
/* End PBXProject section */

/* Begin PBXResourcesBuildPhase section */
		62708DB729BB321E006DCB2B /* Resources */ = {
			isa = PBXResourcesBuildPhase;
			buildActionMask = 2147483647;
			files = (
				62708E0129BB463B006DCB2B /* Montserrat-Bold.ttf in Resources */,
				62708DF629BB463B006DCB2B /* Montserrat-Regular.ttf in Resources */,
				62708DF829BB463B006DCB2B /* Montserrat-SemiBold.ttf in Resources */,
				62708DF929BB463B006DCB2B /* Montserrat-ThinItalic.ttf in Resources */,
				62708DFE29BB463B006DCB2B /* Montserrat-BlackItalic.ttf in Resources */,
				62708DF729BB463B006DCB2B /* Montserrat-Black.ttf in Resources */,
				62708DF529BB463B006DCB2B /* Montserrat-LightItalic.ttf in Resources */,
				62708DF429BB463B006DCB2B /* Montserrat-Light.ttf in Resources */,
				62708DF229BB463B006DCB2B /* Montserrat-Italic.ttf in Resources */,
				62708DF329BB463B006DCB2B /* Montserrat-ExtraBold.ttf in Resources */,
				62708DFD29BB463B006DCB2B /* Montserrat-BoldItalic.ttf in Resources */,
				62708DFA29BB463B006DCB2B /* Montserrat-ExtraLight.ttf in Resources */,
				62708DC929BB321F006DCB2B /* LaunchScreen.storyboard in Resources */,
				62708DFC29BB463B006DCB2B /* Montserrat-Thin.ttf in Resources */,
				62708DF029BB463B006DCB2B /* Montserrat-MediumItalic.ttf in Resources */,
				62708DFB29BB463B006DCB2B /* Montserrat-ExtraBoldItalic.ttf in Resources */,
				62708E0029BB463B006DCB2B /* Montserrat-ExtraLightItalic.ttf in Resources */,
				62708DF129BB463B006DCB2B /* Montserrat-SemiBoldItalic.ttf in Resources */,
				62708DFF29BB463B006DCB2B /* Montserrat-Medium.ttf in Resources */,
				62708DC629BB321F006DCB2B /* Assets.xcassets in Resources */,
			);
			runOnlyForDeploymentPostprocessing = 0;
		};
/* End PBXResourcesBuildPhase section */

/* Begin PBXShellScriptBuildPhase section */
		1B6639D8D0C7B4E7D83D6B6D /* [CP] Check Pods Manifest.lock */ = {
			isa = PBXShellScriptBuildPhase;
			buildActionMask = 2147483647;
			files = (
			);
			inputFileListPaths = (
			);
			inputPaths = (
				"${PODS_PODFILE_DIR_PATH}/Podfile.lock",
				"${PODS_ROOT}/Manifest.lock",
			);
			name = "[CP] Check Pods Manifest.lock";
			outputFileListPaths = (
			);
			outputPaths = (
				"$(DERIVED_FILE_DIR)/Pods-OnlineShopTest_UIKit-checkManifestLockResult.txt",
			);
			runOnlyForDeploymentPostprocessing = 0;
			shellPath = /bin/sh;
			shellScript = "diff \"${PODS_PODFILE_DIR_PATH}/Podfile.lock\" \"${PODS_ROOT}/Manifest.lock\" > /dev/null\nif [ $? != 0 ] ; then\n    # print error to STDERR\n    echo \"error: The sandbox is not in sync with the Podfile.lock. Run 'pod install' or update your CocoaPods installation.\" >&2\n    exit 1\nfi\n# This output is used by Xcode 'outputs' to avoid re-running this script phase.\necho \"SUCCESS\" > \"${SCRIPT_OUTPUT_FILE_0}\"\n";
			showEnvVarsInLog = 0;
		};
		5FDFE606E37CD6D6F293F0F2 /* [CP] Embed Pods Frameworks */ = {
			isa = PBXShellScriptBuildPhase;
			buildActionMask = 2147483647;
			files = (
			);
			inputFileListPaths = (
				"${PODS_ROOT}/Target Support Files/Pods-OnlineShopTest_UIKit/Pods-OnlineShopTest_UIKit-frameworks-${CONFIGURATION}-input-files.xcfilelist",
			);
			name = "[CP] Embed Pods Frameworks";
			outputFileListPaths = (
				"${PODS_ROOT}/Target Support Files/Pods-OnlineShopTest_UIKit/Pods-OnlineShopTest_UIKit-frameworks-${CONFIGURATION}-output-files.xcfilelist",
			);
			runOnlyForDeploymentPostprocessing = 0;
			shellPath = /bin/sh;
			shellScript = "\"${PODS_ROOT}/Target Support Files/Pods-OnlineShopTest_UIKit/Pods-OnlineShopTest_UIKit-frameworks.sh\"\n";
			showEnvVarsInLog = 0;
		};
		62708E0229BB47A2006DCB2B /* Show Version */ = {
			isa = PBXShellScriptBuildPhase;
			alwaysOutOfDate = 1;
			buildActionMask = 2147483647;
			files = (
			);
			inputFileListPaths = (
			);
			inputPaths = (
			);
			name = "Show Version";
			outputFileListPaths = (
			);
			outputPaths = (
			);
			runOnlyForDeploymentPostprocessing = 0;
			shellPath = /bin/sh;
			shellScript = "#   ON/OFF Script Toggle (script ON with #, script OFF without #)\n#exit 0\n\n#   App vesion / Build version constants\nsourceFilePath=\"$PROJECT_DIR/$PROJECT_NAME/Supporting Files/Base.lproj/LaunchScreen.storyboard\"\nversionNumber=\"$MARKETING_VERSION\"\n# buildNumber=\"$CURRENT_PROJECT_VERSION\"\n\n#   Output version & build numbers into a label on LaunchScreen.storyboard\nsed -i .bak -e \"/userLabel=\\\"APP_VERSION\\\"/s/text=\\\"[^\\\"]*\\\"/text=\\\"$versionNumber\\\"/\" \"$sourceFilePath\"\n";
		};
/* End PBXShellScriptBuildPhase section */

/* Begin PBXSourcesBuildPhase section */
		62708DB529BB321E006DCB2B /* Sources */ = {
			isa = PBXSourcesBuildPhase;
			buildActionMask = 2147483647;
			files = (
				62B9D4F529C9B3C1006E1D56 /* FavoriteShareView.swift in Sources */,
				62A2B9ED29C1CB9D001937DE /* NetworkManager.swift in Sources */,
				62CDF76129BC5CCF00D735D3 /* UserServices.swift in Sources */,
				62CDF76F29BDE47000D735D3 /* FavoritesCoordinator.swift in Sources */,
				6260815A29C089AF0095AAA6 /* HomeController.swift in Sources */,
				62CDF75C29BC528A00D735D3 /* LogInViewModel.swift in Sources */,
				62A2BA0C29C3409E001937DE /* ShopItemCellViewModel.swift in Sources */,
				62B9D4EA29C85731006E1D56 /* ColorSegmentedControl.swift in Sources */,
				62B9D4F129C9A5E0006E1D56 /* ThumbnailCollectionViewCell.swift in Sources */,
				62CDF76629BDB6DD00D735D3 /* PasswordTextField.swift in Sources */,
				62B9D4DD29C5A825006E1D56 /* SearchData.swift in Sources */,
				62708DD629BB3903006DCB2B /* AuthCoordinator.swift in Sources */,
				6223F58F29C473E400EC4D8B /* SearchView.swift in Sources */,
				62CDF77329BDE49100D735D3 /* ChatCoordinator.swift in Sources */,
				620C111429BF268100F49E38 /* ProfileCell.swift in Sources */,
				62708E1029BB83B3006DCB2B /* UIButton + ext.swift in Sources */,
				62B9D4E029C6D9B8006E1D56 /* DetailController.swift in Sources */,
				62CDF77129BDE48100D735D3 /* CartCoordinator.swift in Sources */,
				62708DD429BB347D006DCB2B /* AppCoordinator.swift in Sources */,
				620C110E29BF087600F49E38 /* UploadItemButton.swift in Sources */,
				62708DDA29BB3C57006DCB2B /* SignInViewModel.swift in Sources */,
				6260816129C0C45B0095AAA6 /* ProfileImage.swift in Sources */,
				62A2BA0A29C2F058001937DE /* HeaderView.swift in Sources */,
				62A2BA0629C23622001937DE /* LatestItemsCell.swift in Sources */,
				62A2B9F129C1CE1E001937DE /* NetworkProtocols.swift in Sources */,
				62CDF77B29BE37C000D735D3 /* ProfileViewModel.swift in Sources */,
				62B9D4E229C6D9C2006E1D56 /* DetailViewModel.swift in Sources */,
				62A2B9F329C1CE5D001937DE /* NetworkError.swift in Sources */,
				62708E0E29BB7783006DCB2B /* SignInWithButton.swift in Sources */,
				62B9D4EE29C97928006E1D56 /* ImagesView.swift in Sources */,
				62708DC129BB321E006DCB2B /* SignInController.swift in Sources */,
				62A2B9FE29C21E93001937DE /* LatestCell.swift in Sources */,
				62B9D4E729C71A2D006E1D56 /* AddToCartButton.swift in Sources */,
				62CDF75E29BC52F200D735D3 /* LogInController.swift in Sources */,
				6260815C29C08A190095AAA6 /* HomeViewModel.swift in Sources */,
				6260815629BFB2D50095AAA6 /* AlertCoordinator.swift in Sources */,
				62B9D4E529C6F5C6006E1D56 /* ItemStepper.swift in Sources */,
				62A2B9EF29C1CBD4001937DE /* APIEndpoints.swift in Sources */,
				62CDF77D29BE37CE00D735D3 /* ProfileController.swift in Sources */,
				62B9D4EC29C88A59006E1D56 /* DetailModel.swift in Sources */,
				62CDF76B29BDD75000D735D3 /* TabBarCoordinator.swift in Sources */,
				62A2B9EA29C1C795001937DE /* ShopItem.swift in Sources */,
				62708E0529BB49C3006DCB2B /* OnlineShopTest_UIKit.xcdatamodeld in Sources */,
				62708E1429BBBFC2006DCB2B /* CoreDataManager.swift in Sources */,
				62A2B9F929C207F7001937DE /* ImagePickable.swift in Sources */,
				6223F59129C4D9DA00EC4D8B /* SearchResultController.swift in Sources */,
				62CDF77529BDE49E00D735D3 /* ProfileCoordinator.swift in Sources */,
				62708E0729BB4CBB006DCB2B /* Resources.swift in Sources */,
				6260815F29C0B9680095AAA6 /* LocationButton.swift in Sources */,
				62A2BA0429C235C3001937DE /* CategoriesCell.swift in Sources */,
				62CDF77829BE0A0D00D735D3 /* TabBarController.swift in Sources */,
				62CDF76929BDC46F00D735D3 /* UserAuthError.swift in Sources */,
				62708E0A29BB4CE9006DCB2B /* UIColor + ext.swift in Sources */,
				620C111029BF187400F49E38 /* ProfileCellViewModel.swift in Sources */,
				6260815829BFB4800095AAA6 /* ImagePickerCoordinator.swift in Sources */,
				62A2BA0829C2364C001937DE /* FlashSaleItemsCell.swift in Sources */,
				62708DBD29BB321E006DCB2B /* AppDelegate.swift in Sources */,
				62CDF76D29BDE41100D735D3 /* HomeCoordinator.swift in Sources */,
				62708E0C29BB5E43006DCB2B /* UIFont + ext.swift in Sources */,
				62A2B9F529C1D02C001937DE /* URLSession + ext.swift in Sources */,
				62B9D4F329C9AF45006E1D56 /* ThumbnailCollectionView.swift in Sources */,
				62708DBF29BB321E006DCB2B /* SceneDelegate.swift in Sources */,
				62A2B9FC29C21E6F001937DE /* CategoryCell.swift in Sources */,
				62A2BA0029C21EA9001937DE /* FlashSaleCell.swift in Sources */,
			);
			runOnlyForDeploymentPostprocessing = 0;
		};
/* End PBXSourcesBuildPhase section */

/* Begin PBXVariantGroup section */
		62708DC729BB321F006DCB2B /* LaunchScreen.storyboard */ = {
			isa = PBXVariantGroup;
			children = (
				62708DC829BB321F006DCB2B /* Base */,
			);
			name = LaunchScreen.storyboard;
			sourceTree = "<group>";
		};
/* End PBXVariantGroup section */

/* Begin XCBuildConfiguration section */
		62708DCB29BB321F006DCB2B /* Debug */ = {
			isa = XCBuildConfiguration;
			buildSettings = {
				ALWAYS_SEARCH_USER_PATHS = NO;
				CLANG_ANALYZER_NONNULL = YES;
				CLANG_ANALYZER_NUMBER_OBJECT_CONVERSION = YES_AGGRESSIVE;
				CLANG_CXX_LANGUAGE_STANDARD = "gnu++20";
				CLANG_ENABLE_MODULES = YES;
				CLANG_ENABLE_OBJC_ARC = YES;
				CLANG_ENABLE_OBJC_WEAK = YES;
				CLANG_WARN_BLOCK_CAPTURE_AUTORELEASING = YES;
				CLANG_WARN_BOOL_CONVERSION = YES;
				CLANG_WARN_COMMA = YES;
				CLANG_WARN_CONSTANT_CONVERSION = YES;
				CLANG_WARN_DEPRECATED_OBJC_IMPLEMENTATIONS = YES;
				CLANG_WARN_DIRECT_OBJC_ISA_USAGE = YES_ERROR;
				CLANG_WARN_DOCUMENTATION_COMMENTS = YES;
				CLANG_WARN_EMPTY_BODY = YES;
				CLANG_WARN_ENUM_CONVERSION = YES;
				CLANG_WARN_INFINITE_RECURSION = YES;
				CLANG_WARN_INT_CONVERSION = YES;
				CLANG_WARN_NON_LITERAL_NULL_CONVERSION = YES;
				CLANG_WARN_OBJC_IMPLICIT_RETAIN_SELF = YES;
				CLANG_WARN_OBJC_LITERAL_CONVERSION = YES;
				CLANG_WARN_OBJC_ROOT_CLASS = YES_ERROR;
				CLANG_WARN_QUOTED_INCLUDE_IN_FRAMEWORK_HEADER = YES;
				CLANG_WARN_RANGE_LOOP_ANALYSIS = YES;
				CLANG_WARN_STRICT_PROTOTYPES = YES;
				CLANG_WARN_SUSPICIOUS_MOVE = YES;
				CLANG_WARN_UNGUARDED_AVAILABILITY = YES_AGGRESSIVE;
				CLANG_WARN_UNREACHABLE_CODE = YES;
				CLANG_WARN__DUPLICATE_METHOD_MATCH = YES;
				COPY_PHASE_STRIP = NO;
				DEBUG_INFORMATION_FORMAT = dwarf;
				ENABLE_STRICT_OBJC_MSGSEND = YES;
				ENABLE_TESTABILITY = YES;
				GCC_C_LANGUAGE_STANDARD = gnu11;
				GCC_DYNAMIC_NO_PIC = NO;
				GCC_NO_COMMON_BLOCKS = YES;
				GCC_OPTIMIZATION_LEVEL = 0;
				GCC_PREPROCESSOR_DEFINITIONS = (
					"DEBUG=1",
					"$(inherited)",
				);
				GCC_WARN_64_TO_32_BIT_CONVERSION = YES;
				GCC_WARN_ABOUT_RETURN_TYPE = YES_ERROR;
				GCC_WARN_UNDECLARED_SELECTOR = YES;
				GCC_WARN_UNINITIALIZED_AUTOS = YES_AGGRESSIVE;
				GCC_WARN_UNUSED_FUNCTION = YES;
				GCC_WARN_UNUSED_VARIABLE = YES;
				IPHONEOS_DEPLOYMENT_TARGET = 16.2;
				MTL_ENABLE_DEBUG_INFO = INCLUDE_SOURCE;
				MTL_FAST_MATH = YES;
				ONLY_ACTIVE_ARCH = YES;
				SDKROOT = iphoneos;
				SWIFT_ACTIVE_COMPILATION_CONDITIONS = DEBUG;
				SWIFT_OPTIMIZATION_LEVEL = "-Onone";
			};
			name = Debug;
		};
		62708DCC29BB321F006DCB2B /* Release */ = {
			isa = XCBuildConfiguration;
			buildSettings = {
				ALWAYS_SEARCH_USER_PATHS = NO;
				CLANG_ANALYZER_NONNULL = YES;
				CLANG_ANALYZER_NUMBER_OBJECT_CONVERSION = YES_AGGRESSIVE;
				CLANG_CXX_LANGUAGE_STANDARD = "gnu++20";
				CLANG_ENABLE_MODULES = YES;
				CLANG_ENABLE_OBJC_ARC = YES;
				CLANG_ENABLE_OBJC_WEAK = YES;
				CLANG_WARN_BLOCK_CAPTURE_AUTORELEASING = YES;
				CLANG_WARN_BOOL_CONVERSION = YES;
				CLANG_WARN_COMMA = YES;
				CLANG_WARN_CONSTANT_CONVERSION = YES;
				CLANG_WARN_DEPRECATED_OBJC_IMPLEMENTATIONS = YES;
				CLANG_WARN_DIRECT_OBJC_ISA_USAGE = YES_ERROR;
				CLANG_WARN_DOCUMENTATION_COMMENTS = YES;
				CLANG_WARN_EMPTY_BODY = YES;
				CLANG_WARN_ENUM_CONVERSION = YES;
				CLANG_WARN_INFINITE_RECURSION = YES;
				CLANG_WARN_INT_CONVERSION = YES;
				CLANG_WARN_NON_LITERAL_NULL_CONVERSION = YES;
				CLANG_WARN_OBJC_IMPLICIT_RETAIN_SELF = YES;
				CLANG_WARN_OBJC_LITERAL_CONVERSION = YES;
				CLANG_WARN_OBJC_ROOT_CLASS = YES_ERROR;
				CLANG_WARN_QUOTED_INCLUDE_IN_FRAMEWORK_HEADER = YES;
				CLANG_WARN_RANGE_LOOP_ANALYSIS = YES;
				CLANG_WARN_STRICT_PROTOTYPES = YES;
				CLANG_WARN_SUSPICIOUS_MOVE = YES;
				CLANG_WARN_UNGUARDED_AVAILABILITY = YES_AGGRESSIVE;
				CLANG_WARN_UNREACHABLE_CODE = YES;
				CLANG_WARN__DUPLICATE_METHOD_MATCH = YES;
				COPY_PHASE_STRIP = NO;
				DEBUG_INFORMATION_FORMAT = "dwarf-with-dsym";
				ENABLE_NS_ASSERTIONS = NO;
				ENABLE_STRICT_OBJC_MSGSEND = YES;
				GCC_C_LANGUAGE_STANDARD = gnu11;
				GCC_NO_COMMON_BLOCKS = YES;
				GCC_WARN_64_TO_32_BIT_CONVERSION = YES;
				GCC_WARN_ABOUT_RETURN_TYPE = YES_ERROR;
				GCC_WARN_UNDECLARED_SELECTOR = YES;
				GCC_WARN_UNINITIALIZED_AUTOS = YES_AGGRESSIVE;
				GCC_WARN_UNUSED_FUNCTION = YES;
				GCC_WARN_UNUSED_VARIABLE = YES;
				IPHONEOS_DEPLOYMENT_TARGET = 16.2;
				MTL_ENABLE_DEBUG_INFO = NO;
				MTL_FAST_MATH = YES;
				SDKROOT = iphoneos;
				SWIFT_COMPILATION_MODE = wholemodule;
				SWIFT_OPTIMIZATION_LEVEL = "-O";
				VALIDATE_PRODUCT = YES;
			};
			name = Release;
		};
		62708DCE29BB321F006DCB2B /* Debug */ = {
			isa = XCBuildConfiguration;
			baseConfigurationReference = E61A8AC1C42F77719BEA3EA0 /* Pods-OnlineShopTest_UIKit.debug.xcconfig */;
			buildSettings = {
				ASSETCATALOG_COMPILER_APPICON_NAME = AppIcon;
				ASSETCATALOG_COMPILER_GLOBAL_ACCENT_COLOR_NAME = AccentColor;
				CODE_SIGN_STYLE = Automatic;
				CURRENT_PROJECT_VERSION = 1;
				DEVELOPMENT_TEAM = J846X7UY52;
				GENERATE_INFOPLIST_FILE = YES;
				INFOPLIST_FILE = "OnlineShopTest_UIKit/Supporting Files/Info.plist";
				INFOPLIST_KEY_UIApplicationSupportsIndirectInputEvents = YES;
				INFOPLIST_KEY_UILaunchStoryboardName = LaunchScreen;
				INFOPLIST_KEY_UIStatusBarStyle = "";
				INFOPLIST_KEY_UISupportedInterfaceOrientations = UIInterfaceOrientationPortrait;
				INFOPLIST_KEY_UISupportedInterfaceOrientations_iPad = "UIInterfaceOrientationLandscapeLeft UIInterfaceOrientationLandscapeRight UIInterfaceOrientationPortrait UIInterfaceOrientationPortraitUpsideDown";
				LD_RUNPATH_SEARCH_PATHS = (
					"$(inherited)",
					"@executable_path/Frameworks",
				);
				MARKETING_VERSION = 1.0;
				PRODUCT_BUNDLE_IDENTIFIER = "com.zhiltsov.OnlineShopTest-UIKit";
				PRODUCT_NAME = "$(TARGET_NAME)";
				SUPPORTED_PLATFORMS = "iphoneos iphonesimulator";
				SUPPORTS_MACCATALYST = NO;
				SUPPORTS_MAC_DESIGNED_FOR_IPHONE_IPAD = NO;
				SWIFT_EMIT_LOC_STRINGS = YES;
				SWIFT_VERSION = 5.0;
				TARGETED_DEVICE_FAMILY = 1;
			};
			name = Debug;
		};
		62708DCF29BB321F006DCB2B /* Release */ = {
			isa = XCBuildConfiguration;
			baseConfigurationReference = 70F790AAED5D43A1CFAAEC4A /* Pods-OnlineShopTest_UIKit.release.xcconfig */;
			buildSettings = {
				ASSETCATALOG_COMPILER_APPICON_NAME = AppIcon;
				ASSETCATALOG_COMPILER_GLOBAL_ACCENT_COLOR_NAME = AccentColor;
				CODE_SIGN_STYLE = Automatic;
				CURRENT_PROJECT_VERSION = 1;
				DEVELOPMENT_TEAM = J846X7UY52;
				GENERATE_INFOPLIST_FILE = YES;
				INFOPLIST_FILE = "OnlineShopTest_UIKit/Supporting Files/Info.plist";
				INFOPLIST_KEY_UIApplicationSupportsIndirectInputEvents = YES;
				INFOPLIST_KEY_UILaunchStoryboardName = LaunchScreen;
				INFOPLIST_KEY_UIStatusBarStyle = "";
				INFOPLIST_KEY_UISupportedInterfaceOrientations = UIInterfaceOrientationPortrait;
				INFOPLIST_KEY_UISupportedInterfaceOrientations_iPad = "UIInterfaceOrientationLandscapeLeft UIInterfaceOrientationLandscapeRight UIInterfaceOrientationPortrait UIInterfaceOrientationPortraitUpsideDown";
				LD_RUNPATH_SEARCH_PATHS = (
					"$(inherited)",
					"@executable_path/Frameworks",
				);
				MARKETING_VERSION = 1.0;
				PRODUCT_BUNDLE_IDENTIFIER = "com.zhiltsov.OnlineShopTest-UIKit";
				PRODUCT_NAME = "$(TARGET_NAME)";
				SUPPORTED_PLATFORMS = "iphoneos iphonesimulator";
				SUPPORTS_MACCATALYST = NO;
				SUPPORTS_MAC_DESIGNED_FOR_IPHONE_IPAD = NO;
				SWIFT_EMIT_LOC_STRINGS = YES;
				SWIFT_VERSION = 5.0;
				TARGETED_DEVICE_FAMILY = 1;
			};
			name = Release;
		};
/* End XCBuildConfiguration section */

/* Begin XCConfigurationList section */
		62708DB429BB321E006DCB2B /* Build configuration list for PBXProject "OnlineShopTest_UIKit" */ = {
			isa = XCConfigurationList;
			buildConfigurations = (
				62708DCB29BB321F006DCB2B /* Debug */,
				62708DCC29BB321F006DCB2B /* Release */,
			);
			defaultConfigurationIsVisible = 0;
			defaultConfigurationName = Release;
		};
		62708DCD29BB321F006DCB2B /* Build configuration list for PBXNativeTarget "OnlineShopTest_UIKit" */ = {
			isa = XCConfigurationList;
			buildConfigurations = (
				62708DCE29BB321F006DCB2B /* Debug */,
				62708DCF29BB321F006DCB2B /* Release */,
			);
			defaultConfigurationIsVisible = 0;
			defaultConfigurationName = Release;
		};
/* End XCConfigurationList section */

/* Begin XCVersionGroup section */
		62708E0329BB49C3006DCB2B /* OnlineShopTest_UIKit.xcdatamodeld */ = {
			isa = XCVersionGroup;
			children = (
				62708E0429BB49C3006DCB2B /* OnlineShopTest_UIKit.xcdatamodel */,
			);
			currentVersion = 62708E0429BB49C3006DCB2B /* OnlineShopTest_UIKit.xcdatamodel */;
			path = OnlineShopTest_UIKit.xcdatamodeld;
			sourceTree = "<group>";
			versionGroupType = wrapper.xcdatamodel;
		};
/* End XCVersionGroup section */
	};
	rootObject = 62708DB129BB321E006DCB2B /* Project object */;
}
